
Microsoft Visual Studio Solution File, Format Version 12.00
# Visual Studio 15
VisualStudioVersion = 15.0.28307.102
MinimumVisualStudioVersion = 10.0.40219.1
Project("{888888A0-9F3D-457C-B088-3A5042F75D52}") = "PythonApplication9", "PythonApplication9\PythonApplication9.pyproj", "{6106084B-609F-4AA6-8B6B-94171420733C}"
EndProject
Global
	GlobalSection(SolutionConfigurationPlatforms) = preSolution
		Debug|Any CPU = Debug|Any CPU
		Release|Any CPU = Release|Any CPU
	EndGlobalSection
	GlobalSection(ProjectConfigurationPlatforms) = postSolution
		{6106084B-609F-4AA6-8B6B-94171420733C}.Debug|Any CPU.ActiveCfg = Debug|Any CPU
		{6106084B-609F-4AA6-8B6B-94171420733C}.Release|Any CPU.ActiveCfg = Release|Any CPU
	EndGlobalSection
	GlobalSection(SolutionProperties) = preSolution
		HideSolutionNode = FALSE
	EndGlobalSection
	GlobalSection(ExtensibilityGlobals) = postSolution
		SolutionGuid = {507BB59D-7715-472E-8B60-668841DA3E03}
	EndGlobalSection
EndGlobal
